
Microsoft Visual Studio Solution File, Format Version 12.00
# Visual Studio Version 16
VisualStudioVersion = 16.0.29926.136
MinimumVisualStudioVersion = 10.0.40219.1
Project("{FAE04EC0-301F-11D3-BF4B-00C04F79EFBC}") = "PizzaOrderJoelle", "PizzaOrderJoelle\PizzaOrderJoelle.csproj", "{435352BE-B392-4FF6-B212-ABCD476F580C}"
EndProject
Global
	GlobalSection(SolutionConfigurationPlatforms) = preSolution
		Debug|Any CPU = Debug|Any CPU
		Release|Any CPU = Release|Any CPU
	EndGlobalSection
	GlobalSection(ProjectConfigurationPlatforms) = postSolution
		{435352BE-B392-4FF6-B212-ABCD476F580C}.Debug|Any CPU.ActiveCfg = Debug|Any CPU
		{435352BE-B392-4FF6-B212-ABCD476F580C}.Debug|Any CPU.Build.0 = Debug|Any CPU
		{435352BE-B392-4FF6-B212-ABCD476F580C}.Release|Any CPU.ActiveCfg = Release|Any CPU
		{435352BE-B392-4FF6-B212-ABCD476F580C}.Release|Any CPU.Build.0 = Release|Any CPU
	EndGlobalSection
	GlobalSection(SolutionProperties) = preSolution
		HideSolutionNode = FALSE
	EndGlobalSection
	GlobalSection(ExtensibilityGlobals) = postSolution
		SolutionGuid = {42186558-588B-4851-BFE0-45EF3DE80274}
	EndGlobalSection
EndGlobal
