
Microsoft Visual Studio Solution File, Format Version 12.00
# Visual Studio Version 16
VisualStudioVersion = 16.0.29926.136
MinimumVisualStudioVersion = 10.0.40219.1
Project("{FAE04EC0-301F-11D3-BF4B-00C04F79EFBC}") = "RunningAverageJoelle", "RunningAverageJor\RunningAverageJoelle.csproj", "{CF8F0FF0-FF72-47B1-A4FD-BF5604E15334}"
EndProject
Global
	GlobalSection(SolutionConfigurationPlatforms) = preSolution
		Debug|Any CPU = Debug|Any CPU
		Release|Any CPU = Release|Any CPU
	EndGlobalSection
	GlobalSection(ProjectConfigurationPlatforms) = postSolution
		{CF8F0FF0-FF72-47B1-A4FD-BF5604E15334}.Debug|Any CPU.ActiveCfg = Debug|Any CPU
		{CF8F0FF0-FF72-47B1-A4FD-BF5604E15334}.Debug|Any CPU.Build.0 = Debug|Any CPU
		{CF8F0FF0-FF72-47B1-A4FD-BF5604E15334}.Release|Any CPU.ActiveCfg = Release|Any CPU
		{CF8F0FF0-FF72-47B1-A4FD-BF5604E15334}.Release|Any CPU.Build.0 = Release|Any CPU
	EndGlobalSection
	GlobalSection(SolutionProperties) = preSolution
		HideSolutionNode = FALSE
	EndGlobalSection
	GlobalSection(ExtensibilityGlobals) = postSolution
		SolutionGuid = {DAF47361-8B75-44D5-8A5C-CEAA6C9372F0}
	EndGlobalSection
EndGlobal
