
Microsoft Visual Studio Solution File, Format Version 12.00
# Visual Studio Version 16
VisualStudioVersion = 16.0.29911.84
MinimumVisualStudioVersion = 10.0.40219.1
Project("{FAE04EC0-301F-11D3-BF4B-00C04F79EFBC}") = "FactorialJoelle", "FactorialJoelle\FactorialJoelle.csproj", "{BB87E54B-2094-4BE6-A029-8BC36784BA09}"
EndProject
Global
	GlobalSection(SolutionConfigurationPlatforms) = preSolution
		Debug|Any CPU = Debug|Any CPU
		Release|Any CPU = Release|Any CPU
	EndGlobalSection
	GlobalSection(ProjectConfigurationPlatforms) = postSolution
		{BB87E54B-2094-4BE6-A029-8BC36784BA09}.Debug|Any CPU.ActiveCfg = Debug|Any CPU
		{BB87E54B-2094-4BE6-A029-8BC36784BA09}.Debug|Any CPU.Build.0 = Debug|Any CPU
		{BB87E54B-2094-4BE6-A029-8BC36784BA09}.Release|Any CPU.ActiveCfg = Release|Any CPU
		{BB87E54B-2094-4BE6-A029-8BC36784BA09}.Release|Any CPU.Build.0 = Release|Any CPU
	EndGlobalSection
	GlobalSection(SolutionProperties) = preSolution
		HideSolutionNode = FALSE
	EndGlobalSection
	GlobalSection(ExtensibilityGlobals) = postSolution
		SolutionGuid = {B5E60DF7-F5FF-47B2-BF58-551A6F2B4111}
	EndGlobalSection
EndGlobal
